
Microsoft Visual Studio Solution File, Format Version 12.00
# Visual Studio Version 17
VisualStudioVersion = 17.9.34701.34
MinimumVisualStudioVersion = 10.0.40219.1
Project("{FAE04EC0-301F-11D3-BF4B-00C04F79EFBC}") = "projektASP", "projektASP\projektASP.csproj", "{ADA02CED-C21C-4754-93EE-D2D28E0F4A83}"
EndProject
Global
	GlobalSection(SolutionConfigurationPlatforms) = preSolution
		Debug|Any CPU = Debug|Any CPU
		Release|Any CPU = Release|Any CPU
	EndGlobalSection
	GlobalSection(ProjectConfigurationPlatforms) = postSolution
		{ADA02CED-C21C-4754-93EE-D2D28E0F4A83}.Debug|Any CPU.ActiveCfg = Debug|Any CPU
		{ADA02CED-C21C-4754-93EE-D2D28E0F4A83}.Debug|Any CPU.Build.0 = Debug|Any CPU
		{ADA02CED-C21C-4754-93EE-D2D28E0F4A83}.Release|Any CPU.ActiveCfg = Release|Any CPU
		{ADA02CED-C21C-4754-93EE-D2D28E0F4A83}.Release|Any CPU.Build.0 = Release|Any CPU
	EndGlobalSection
	GlobalSection(SolutionProperties) = preSolution
		HideSolutionNode = FALSE
	EndGlobalSection
	GlobalSection(ExtensibilityGlobals) = postSolution
		SolutionGuid = {4B0EDA3D-0299-4067-BD01-D6412B934B28}
	EndGlobalSection
EndGlobal
